
Microsoft Visual Studio Solution File, Format Version 12.00
# Visual Studio 2012
Project("{FAE04EC0-301F-11D3-BF4B-00C04F79EFBC}") = "WIXDemo", "WIXDemo\WIXDemo.csproj", "{279EE668-D4C3-45DE-89D7-DAB9C08A8E9F}"
EndProject
Project("{930C7802-8A8C-48F9-8165-68863BCCD9DD}") = "Installer", "Installer\Installer.wixproj", "{98661136-C6B4-42C8-B544-F47F7F3972C2}"
EndProject
Project("{FAE04EC0-301F-11D3-BF4B-00C04F79EFBC}") = "ClassLibrary1", "ClassLibrary1\ClassLibrary1.csproj", "{8F5013BC-3D90-475E-B34F-34EFB0794245}"
EndProject
Project("{FAE04EC0-301F-11D3-BF4B-00C04F79EFBC}") = "ClassLibrary2", "ClassLibrary2\ClassLibrary2.csproj", "{46CF482E-220C-4977-9A3A-50CFAFEE2344}"
EndProject
Project("{FAE04EC0-301F-11D3-BF4B-00C04F79EFBC}") = "ClassLibrary3", "ClassLibrary3\ClassLibrary3.csproj", "{E4145963-F9CE-4C50-8613-08F2FACAC514}"
EndProject
Global
	GlobalSection(TeamFoundationVersionControl) = preSolution
		SccNumberOfProjects = 6
		SccEnterpriseProvider = {4CA58AB2-18FA-4F8D-95D4-32DDF27D184C}
		SccTeamFoundationServer = https://tfs.codeplex.com/tfs/tfs23
		SccLocalPath0 = .
		SccProjectUniqueName1 = WIXDemo\\WIXDemo.csproj
		SccProjectName1 = WIXDemo
		SccLocalPath1 = WIXDemo
		SccProjectUniqueName2 = Installer\\Installer.wixproj
		SccProjectName2 = Installer
		SccLocalPath2 = Installer
		SccProjectUniqueName3 = ClassLibrary1\\ClassLibrary1.csproj
		SccProjectName3 = ClassLibrary1
		SccLocalPath3 = ClassLibrary1
		SccProjectUniqueName4 = ClassLibrary2\\ClassLibrary2.csproj
		SccProjectName4 = ClassLibrary2
		SccLocalPath4 = ClassLibrary2
		SccProjectUniqueName5 = ClassLibrary3\\ClassLibrary3.csproj
		SccProjectName5 = ClassLibrary3
		SccLocalPath5 = ClassLibrary3
	EndGlobalSection
	GlobalSection(SolutionConfigurationPlatforms) = preSolution
		Debug|Any CPU = Debug|Any CPU
		Debug|Mixed Platforms = Debug|Mixed Platforms
		Debug|x86 = Debug|x86
		Release|Any CPU = Release|Any CPU
		Release|Mixed Platforms = Release|Mixed Platforms
		Release|x86 = Release|x86
	EndGlobalSection
	GlobalSection(ProjectConfigurationPlatforms) = postSolution
		{279EE668-D4C3-45DE-89D7-DAB9C08A8E9F}.Debug|Any CPU.ActiveCfg = Debug|Any CPU
		{279EE668-D4C3-45DE-89D7-DAB9C08A8E9F}.Debug|Any CPU.Build.0 = Debug|Any CPU
		{279EE668-D4C3-45DE-89D7-DAB9C08A8E9F}.Debug|Mixed Platforms.ActiveCfg = Debug|Any CPU
		{279EE668-D4C3-45DE-89D7-DAB9C08A8E9F}.Debug|Mixed Platforms.Build.0 = Debug|Any CPU
		{279EE668-D4C3-45DE-89D7-DAB9C08A8E9F}.Debug|x86.ActiveCfg = Debug|Any CPU
		{279EE668-D4C3-45DE-89D7-DAB9C08A8E9F}.Release|Any CPU.ActiveCfg = Release|Any CPU
		{279EE668-D4C3-45DE-89D7-DAB9C08A8E9F}.Release|Any CPU.Build.0 = Release|Any CPU
		{279EE668-D4C3-45DE-89D7-DAB9C08A8E9F}.Release|Mixed Platforms.ActiveCfg = Release|Any CPU
		{279EE668-D4C3-45DE-89D7-DAB9C08A8E9F}.Release|Mixed Platforms.Build.0 = Release|Any CPU
		{279EE668-D4C3-45DE-89D7-DAB9C08A8E9F}.Release|x86.ActiveCfg = Release|Any CPU
		{98661136-C6B4-42C8-B544-F47F7F3972C2}.Debug|Any CPU.ActiveCfg = Debug|x86
		{98661136-C6B4-42C8-B544-F47F7F3972C2}.Debug|Mixed Platforms.ActiveCfg = Debug|x86
		{98661136-C6B4-42C8-B544-F47F7F3972C2}.Debug|Mixed Platforms.Build.0 = Debug|x86
		{98661136-C6B4-42C8-B544-F47F7F3972C2}.Debug|x86.ActiveCfg = Debug|x86
		{98661136-C6B4-42C8-B544-F47F7F3972C2}.Debug|x86.Build.0 = Debug|x86
		{98661136-C6B4-42C8-B544-F47F7F3972C2}.Release|Any CPU.ActiveCfg = Release|x86
		{98661136-C6B4-42C8-B544-F47F7F3972C2}.Release|Mixed Platforms.ActiveCfg = Release|x86
		{98661136-C6B4-42C8-B544-F47F7F3972C2}.Release|Mixed Platforms.Build.0 = Release|x86
		{98661136-C6B4-42C8-B544-F47F7F3972C2}.Release|x86.ActiveCfg = Release|x86
		{98661136-C6B4-42C8-B544-F47F7F3972C2}.Release|x86.Build.0 = Release|x86
		{8F5013BC-3D90-475E-B34F-34EFB0794245}.Debug|Any CPU.ActiveCfg = Debug|Any CPU
		{8F5013BC-3D90-475E-B34F-34EFB0794245}.Debug|Any CPU.Build.0 = Debug|Any CPU
		{8F5013BC-3D90-475E-B34F-34EFB0794245}.Debug|Mixed Platforms.ActiveCfg = Debug|Any CPU
		{8F5013BC-3D90-475E-B34F-34EFB0794245}.Debug|Mixed Platforms.Build.0 = Debug|Any CPU
		{8F5013BC-3D90-475E-B34F-34EFB0794245}.Debug|x86.ActiveCfg = Debug|Any CPU
		{8F5013BC-3D90-475E-B34F-34EFB0794245}.Release|Any CPU.ActiveCfg = Release|Any CPU
		{8F5013BC-3D90-475E-B34F-34EFB0794245}.Release|Any CPU.Build.0 = Release|Any CPU
		{8F5013BC-3D90-475E-B34F-34EFB0794245}.Release|Mixed Platforms.ActiveCfg = Release|Any CPU
		{8F5013BC-3D90-475E-B34F-34EFB0794245}.Release|Mixed Platforms.Build.0 = Release|Any CPU
		{8F5013BC-3D90-475E-B34F-34EFB0794245}.Release|x86.ActiveCfg = Release|Any CPU
		{46CF482E-220C-4977-9A3A-50CFAFEE2344}.Debug|Any CPU.ActiveCfg = Debug|Any CPU
		{46CF482E-220C-4977-9A3A-50CFAFEE2344}.Debug|Any CPU.Build.0 = Debug|Any CPU
		{46CF482E-220C-4977-9A3A-50CFAFEE2344}.Debug|Mixed Platforms.ActiveCfg = Debug|Any CPU
		{46CF482E-220C-4977-9A3A-50CFAFEE2344}.Debug|Mixed Platforms.Build.0 = Debug|Any CPU
		{46CF482E-220C-4977-9A3A-50CFAFEE2344}.Debug|x86.ActiveCfg = Debug|Any CPU
		{46CF482E-220C-4977-9A3A-50CFAFEE2344}.Release|Any CPU.ActiveCfg = Release|Any CPU
		{46CF482E-220C-4977-9A3A-50CFAFEE2344}.Release|Any CPU.Build.0 = Release|Any CPU
		{46CF482E-220C-4977-9A3A-50CFAFEE2344}.Release|Mixed Platforms.ActiveCfg = Release|Any CPU
		{46CF482E-220C-4977-9A3A-50CFAFEE2344}.Release|Mixed Platforms.Build.0 = Release|Any CPU
		{46CF482E-220C-4977-9A3A-50CFAFEE2344}.Release|x86.ActiveCfg = Release|Any CPU
		{E4145963-F9CE-4C50-8613-08F2FACAC514}.Debug|Any CPU.ActiveCfg = Debug|Any CPU
		{E4145963-F9CE-4C50-8613-08F2FACAC514}.Debug|Any CPU.Build.0 = Debug|Any CPU
		{E4145963-F9CE-4C50-8613-08F2FACAC514}.Debug|Mixed Platforms.ActiveCfg = Debug|Any CPU
		{E4145963-F9CE-4C50-8613-08F2FACAC514}.Debug|Mixed Platforms.Build.0 = Debug|Any CPU
		{E4145963-F9CE-4C50-8613-08F2FACAC514}.Debug|x86.ActiveCfg = Debug|Any CPU
		{E4145963-F9CE-4C50-8613-08F2FACAC514}.Release|Any CPU.ActiveCfg = Release|Any CPU
		{E4145963-F9CE-4C50-8613-08F2FACAC514}.Release|Any CPU.Build.0 = Release|Any CPU
		{E4145963-F9CE-4C50-8613-08F2FACAC514}.Release|Mixed Platforms.ActiveCfg = Release|Any CPU
		{E4145963-F9CE-4C50-8613-08F2FACAC514}.Release|Mixed Platforms.Build.0 = Release|Any CPU
		{E4145963-F9CE-4C50-8613-08F2FACAC514}.Release|x86.ActiveCfg = Release|Any CPU
	EndGlobalSection
	GlobalSection(SolutionProperties) = preSolution
		HideSolutionNode = FALSE
	EndGlobalSection
EndGlobal
